
Microsoft Visual Studio Solution File, Format Version 12.00
# Visual Studio Version 17
VisualStudioVersion = 17.7.34202.233
MinimumVisualStudioVersion = 10.0.40219.1
Project("{9A19103F-16F7-4668-BE54-9A1E7A4F7556}") = "BinarySearch", "BinarySearch\BinarySearch.csproj", "{8859777F-3897-463D-8D9C-4B72D468D5D2}"
EndProject
Project("{FAE04EC0-301F-11D3-BF4B-00C04F79EFBC}") = "SelectionSort", "SelectionSort\SelectionSort.csproj", "{3FC62036-7AF4-4487-BA7E-B66BA5AA22D0}"
EndProject
Global
	GlobalSection(SolutionConfigurationPlatforms) = preSolution
		Debug|Any CPU = Debug|Any CPU
		Release|Any CPU = Release|Any CPU
	EndGlobalSection
	GlobalSection(ProjectConfigurationPlatforms) = postSolution
		{8859777F-3897-463D-8D9C-4B72D468D5D2}.Debug|Any CPU.ActiveCfg = Debug|Any CPU
		{8859777F-3897-463D-8D9C-4B72D468D5D2}.Debug|Any CPU.Build.0 = Debug|Any CPU
		{8859777F-3897-463D-8D9C-4B72D468D5D2}.Release|Any CPU.ActiveCfg = Release|Any CPU
		{8859777F-3897-463D-8D9C-4B72D468D5D2}.Release|Any CPU.Build.0 = Release|Any CPU
		{3FC62036-7AF4-4487-BA7E-B66BA5AA22D0}.Debug|Any CPU.ActiveCfg = Debug|Any CPU
		{3FC62036-7AF4-4487-BA7E-B66BA5AA22D0}.Debug|Any CPU.Build.0 = Debug|Any CPU
		{3FC62036-7AF4-4487-BA7E-B66BA5AA22D0}.Release|Any CPU.ActiveCfg = Release|Any CPU
		{3FC62036-7AF4-4487-BA7E-B66BA5AA22D0}.Release|Any CPU.Build.0 = Release|Any CPU
	EndGlobalSection
	GlobalSection(SolutionProperties) = preSolution
		HideSolutionNode = FALSE
	EndGlobalSection
	GlobalSection(ExtensibilityGlobals) = postSolution
		SolutionGuid = {37CC23A9-1585-4969-9EDE-37B60DDF3A69}
	EndGlobalSection
EndGlobal
